{
  "name": "atdis-request",
  "version": "0.1.1",
  "lockfileVersion": 1,
  "requires": true,
  "dependencies": {
    "@types/lru-cache": {
      "version": "5.1.0",
      "resolved": "https://registry.npmjs.org/@types/lru-cache/-/lru-cache-5.1.0.tgz",
      "integrity": "sha512-RaE0B+14ToE4l6UqdarKPnXwVDuigfFv+5j9Dze/Nqr23yyuqdNvzcZi3xB+3Agvi5R4EOgAksfv3lXX4vBt9w==",
      "dev": true
    },
    "@types/node": {
      "version": "14.0.4",
      "resolved": "https://registry.npmjs.org/@types/node/-/node-14.0.4.tgz",
      "integrity": "sha512-k3NqigXWRzQZVBDS5D1U70A5E8Qk4Kh+Ha/x4M8Bt9pF0X05eggfnC9+63Usc9Q928hRUIpIhTQaXsZwZBl4Ew==",
      "dev": true
    },
    "lru-cache": {
      "version": "5.1.1",
      "resolved": "https://registry.npmjs.org/lru-cache/-/lru-cache-5.1.1.tgz",
      "integrity": "sha512-KpNARQA3Iwv+jTA0utUVVbrh+Jlrr1Fv0e56GGzAFOXN7dk/FviaDW8LHmK52DlcH4WP2n6gI8vN1aesBFgo9w==",
      "requires": {
        "yallist": "^3.0.2"
      }
    },
    "priorityqueue": {
      "version": "1.0.0",
      "resolved": "https://registry.npmjs.org/priorityqueue/-/priorityqueue-1.0.0.tgz",
      "integrity": "sha512-ybkWMIQpEJZ9EIF9yvDZrhc+eqsIA8LQVZ9UybLyT7X5nL9vEgNLZ5Dt/e0EtqEnak8mVsmnjEX1B1TO2M1kyQ=="
    },
    "tsargs": {
      "version": "1.4.0",
      "resolved": "https://registry.npmjs.org/tsargs/-/tsargs-1.4.0.tgz",
      "integrity": "sha512-ml6SzWtY/fg1TUiQ33ingoUQXW16moiX07nOxF/v7I1ngMUzxb0Ii1rQ1nUh3noAyPQxrYIb0GLWDjImTJ9D2Q=="
    },
    "tsee": {
      "version": "1.3.0",
      "resolved": "https://registry.npmjs.org/tsee/-/tsee-1.3.0.tgz",
      "integrity": "sha512-GgslWDOWe+6m2n2yV456NH2QVHHpnZOAjIZZ5/o5olvK3NkGjYX/59/7+Ool+nNKFIiWy3mTBL5pyKv3dy5bLQ==",
      "requires": {
        "@types/node": "^12.7.2",
        "tsargs": "^1.4.0"
      },
      "dependencies": {
        "@types/node": {
          "version": "12.12.41",
          "resolved": "https://registry.npmjs.org/@types/node/-/node-12.12.41.tgz",
          "integrity": "sha512-Q+eSkdYQJ2XK1AJnr4Ji8Gvk3sRDybEwfTvtL9CA25FFUSD2EgZQewN6VCyWYZCXg5MWZdwogdTNBhlWRcWS1w=="
        }
      }
    },
    "typescript": {
      "version": "3.9.3",
      "resolved": "https://registry.npmjs.org/typescript/-/typescript-3.9.3.tgz",
      "integrity": "sha512-D/wqnB2xzNFIcoBG9FG8cXRDjiqSTbG2wd8DMZeQyJlP1vfTkIxH4GKveWaEBYySKIg+USu+E+EDIR47SqnaMQ==",
      "dev": true
    },
    "yallist": {
      "version": "3.1.1",
      "resolved": "https://registry.npmjs.org/yallist/-/yallist-3.1.1.tgz",
      "integrity": "sha512-a4UGQaWPH59mOXUYnAG2ewncQS4i4F43Tv3JoAM+s2VDAmS9NsK8GpDMLrCHPksFT7h3K6TOoUNn2pb7RoXx4g=="
    }
  }
}
